
Microsoft Visual Studio Solution File, Format Version 12.00
# Visual Studio Version 17
VisualStudioVersion = 17.13.35913.81
MinimumVisualStudioVersion = 10.0.40219.1
Project("{FAE04EC0-301F-11D3-BF4B-00C04F79EFBC}") = "Banderas", "Banderas\Banderas.csproj", "{A8000138-D023-4706-BCCD-5B5E61DE0F9A}"
EndProject
Global
	GlobalSection(SolutionConfigurationPlatforms) = preSolution
		Debug|Any CPU = Debug|Any CPU
		Release|Any CPU = Release|Any CPU
	EndGlobalSection
	GlobalSection(ProjectConfigurationPlatforms) = postSolution
		{A8000138-D023-4706-BCCD-5B5E61DE0F9A}.Debug|Any CPU.ActiveCfg = Debug|Any CPU
		{A8000138-D023-4706-BCCD-5B5E61DE0F9A}.Debug|Any CPU.Build.0 = Debug|Any CPU
		{A8000138-D023-4706-BCCD-5B5E61DE0F9A}.Release|Any CPU.ActiveCfg = Release|Any CPU
		{A8000138-D023-4706-BCCD-5B5E61DE0F9A}.Release|Any CPU.Build.0 = Release|Any CPU
	EndGlobalSection
	GlobalSection(SolutionProperties) = preSolution
		HideSolutionNode = FALSE
	EndGlobalSection
	GlobalSection(ExtensibilityGlobals) = postSolution
		SolutionGuid = {1AB85822-F046-4516-BFC6-0C05D8B64D04}
	EndGlobalSection
EndGlobal
